// !$*UTF8*$!
{
	archiveVersion = 1;
	classes = {
	};
	objectVersion = 50;
	objects = {

/* Begin PBXBuildFile section */
		4315BFF12427F9CC002E2C38 /* FeedbackView.swift in Sources */ = {isa = PBXBuildFile; fileRef = 4315BFF02427F9CC002E2C38 /* FeedbackView.swift */; };
		4321ECC32421812B00DBA702 /* FingerspellingUITests.swift in Sources */ = {isa = PBXBuildFile; fileRef = 4321ECC22421812B00DBA702 /* FingerspellingUITests.swift */; };
		4321ECCD2421A56200DBA702 /* SnapshotHelper.swift in Sources */ = {isa = PBXBuildFile; fileRef = 4321ECCC2421A56200DBA702 /* SnapshotHelper.swift */; };
		43422CA32421DED30026D68D /* AboutView.swift in Sources */ = {isa = PBXBuildFile; fileRef = 43422CA22421DED30026D68D /* AboutView.swift */; };
		4365109524246A0700EB8937 /* ReceptiveStatsView.swift in Sources */ = {isa = PBXBuildFile; fileRef = 4365109424246A0700EB8937 /* ReceptiveStatsView.swift */; };
		4365109724246A4D00EB8937 /* ExpressiveStatsView.swift in Sources */ = {isa = PBXBuildFile; fileRef = 4365109624246A4D00EB8937 /* ExpressiveStatsView.swift */; };
		438EEEBE2427D58600F74F9A /* StatItemView.swift in Sources */ = {isa = PBXBuildFile; fileRef = 438EEEBD2427D58600F74F9A /* StatItemView.swift */; };
		43BCEB3A2421053A0033A56B /* ReceptiveGameView.swift in Sources */ = {isa = PBXBuildFile; fileRef = 43BCEB392421053A0033A56B /* ReceptiveGameView.swift */; };
		43BCEB3C24210AB40033A56B /* ExpressiveGameView.swift in Sources */ = {isa = PBXBuildFile; fileRef = 43BCEB3B24210AB40033A56B /* ExpressiveGameView.swift */; };
		43BCEB3E24210E4C0033A56B /* SettingsView.swift in Sources */ = {isa = PBXBuildFile; fileRef = 43BCEB3D24210E4C0033A56B /* SettingsView.swift */; };
		43BCEB4024210EEC0033A56B /* NavbarView.swift in Sources */ = {isa = PBXBuildFile; fileRef = 43BCEB3F24210EEC0033A56B /* NavbarView.swift */; };
		43BCEB422421108B0033A56B /* CurrentWordDisplayView.swift in Sources */ = {isa = PBXBuildFile; fileRef = 43BCEB412421108B0033A56B /* CurrentWordDisplayView.swift */; };
		43BCEB44242111AE0033A56B /* ScoreIndicatorView.swift in Sources */ = {isa = PBXBuildFile; fileRef = 43BCEB43242111AE0033A56B /* ScoreIndicatorView.swift */; };
		43BCEB462421127D0033A56B /* SideMenuView.swift in Sources */ = {isa = PBXBuildFile; fileRef = 43BCEB452421127D0033A56B /* SideMenuView.swift */; };
		43BCEB48242114040033A56B /* GameModeIconView.swift in Sources */ = {isa = PBXBuildFile; fileRef = 43BCEB47242114040033A56B /* GameModeIconView.swift */; };
		43BCEB4A2421151E0033A56B /* appState.swift in Sources */ = {isa = PBXBuildFile; fileRef = 43BCEB492421151E0033A56B /* appState.swift */; };
		43BCEB4C242115CA0033A56B /* util.swift in Sources */ = {isa = PBXBuildFile; fileRef = 43BCEB4B242115CA0033A56B /* util.swift */; };
		43BCEB4E242116810033A56B /* viewModifiers.swift in Sources */ = {isa = PBXBuildFile; fileRef = 43BCEB4D242116810033A56B /* viewModifiers.swift */; };
		43BCEB51242126900033A56B /* Words.swift in Sources */ = {isa = PBXBuildFile; fileRef = 43BCEB50242126900033A56B /* Words.swift */; };
		43D610812413D8640089DE4D /* AppDelegate.swift in Sources */ = {isa = PBXBuildFile; fileRef = 43D610802413D8640089DE4D /* AppDelegate.swift */; };
		43D610832413D8640089DE4D /* SceneDelegate.swift in Sources */ = {isa = PBXBuildFile; fileRef = 43D610822413D8640089DE4D /* SceneDelegate.swift */; };
		43D610852413D8640089DE4D /* AppView.swift in Sources */ = {isa = PBXBuildFile; fileRef = 43D610842413D8640089DE4D /* AppView.swift */; };
		43D610872413D8680089DE4D /* Assets.xcassets in Resources */ = {isa = PBXBuildFile; fileRef = 43D610862413D8680089DE4D /* Assets.xcassets */; };
		43D6108A2413D8680089DE4D /* Preview Assets.xcassets in Resources */ = {isa = PBXBuildFile; fileRef = 43D610892413D8680089DE4D /* Preview Assets.xcassets */; };
/* End PBXBuildFile section */

/* Begin PBXContainerItemProxy section */
		4321ECC52421812B00DBA702 /* PBXContainerItemProxy */ = {
			isa = PBXContainerItemProxy;
			containerPortal = 43D610752413D8630089DE4D /* Project object */;
			proxyType = 1;
			remoteGlobalIDString = 43D6107C2413D8630089DE4D;
			remoteInfo = Fingerspelling;
		};
/* End PBXContainerItemProxy section */

/* Begin PBXFileReference section */
		4315BFF02427F9CC002E2C38 /* FeedbackView.swift */ = {isa = PBXFileReference; lastKnownFileType = sourcecode.swift; path = FeedbackView.swift; sourceTree = "<group>"; };
		4321ECC02421812B00DBA702 /* FingerspellingUITests.xctest */ = {isa = PBXFileReference; explicitFileType = wrapper.cfbundle; includeInIndex = 0; path = FingerspellingUITests.xctest; sourceTree = BUILT_PRODUCTS_DIR; };
		4321ECC22421812B00DBA702 /* FingerspellingUITests.swift */ = {isa = PBXFileReference; lastKnownFileType = sourcecode.swift; path = FingerspellingUITests.swift; sourceTree = "<group>"; };
		4321ECC42421812B00DBA702 /* Info.plist */ = {isa = PBXFileReference; lastKnownFileType = text.plist.xml; path = Info.plist; sourceTree = "<group>"; };
		4321ECCC2421A56200DBA702 /* SnapshotHelper.swift */ = {isa = PBXFileReference; fileEncoding = 4; lastKnownFileType = sourcecode.swift; name = SnapshotHelper.swift; path = fastlane/SnapshotHelper.swift; sourceTree = SOURCE_ROOT; };
		43422CA22421DED30026D68D /* AboutView.swift */ = {isa = PBXFileReference; lastKnownFileType = sourcecode.swift; path = AboutView.swift; sourceTree = "<group>"; };
		4365109424246A0700EB8937 /* ReceptiveStatsView.swift */ = {isa = PBXFileReference; lastKnownFileType = sourcecode.swift; path = ReceptiveStatsView.swift; sourceTree = "<group>"; };
		4365109624246A4D00EB8937 /* ExpressiveStatsView.swift */ = {isa = PBXFileReference; lastKnownFileType = sourcecode.swift; path = ExpressiveStatsView.swift; sourceTree = "<group>"; };
		438EEEBD2427D58600F74F9A /* StatItemView.swift */ = {isa = PBXFileReference; lastKnownFileType = sourcecode.swift; path = StatItemView.swift; sourceTree = "<group>"; };
		43BCEB392421053A0033A56B /* ReceptiveGameView.swift */ = {isa = PBXFileReference; lastKnownFileType = sourcecode.swift; path = ReceptiveGameView.swift; sourceTree = "<group>"; };
		43BCEB3B24210AB40033A56B /* ExpressiveGameView.swift */ = {isa = PBXFileReference; lastKnownFileType = sourcecode.swift; path = ExpressiveGameView.swift; sourceTree = "<group>"; };
		43BCEB3D24210E4C0033A56B /* SettingsView.swift */ = {isa = PBXFileReference; lastKnownFileType = sourcecode.swift; path = SettingsView.swift; sourceTree = "<group>"; };
		43BCEB3F24210EEC0033A56B /* NavbarView.swift */ = {isa = PBXFileReference; lastKnownFileType = sourcecode.swift; path = NavbarView.swift; sourceTree = "<group>"; };
		43BCEB412421108B0033A56B /* CurrentWordDisplayView.swift */ = {isa = PBXFileReference; lastKnownFileType = sourcecode.swift; path = CurrentWordDisplayView.swift; sourceTree = "<group>"; };
		43BCEB43242111AE0033A56B /* ScoreIndicatorView.swift */ = {isa = PBXFileReference; lastKnownFileType = sourcecode.swift; path = ScoreIndicatorView.swift; sourceTree = "<group>"; };
		43BCEB452421127D0033A56B /* SideMenuView.swift */ = {isa = PBXFileReference; lastKnownFileType = sourcecode.swift; path = SideMenuView.swift; sourceTree = "<group>"; };
		43BCEB47242114040033A56B /* GameModeIconView.swift */ = {isa = PBXFileReference; lastKnownFileType = sourcecode.swift; path = GameModeIconView.swift; sourceTree = "<group>"; };
		43BCEB492421151E0033A56B /* appState.swift */ = {isa = PBXFileReference; lastKnownFileType = sourcecode.swift; path = appState.swift; sourceTree = "<group>"; };
		43BCEB4B242115CA0033A56B /* util.swift */ = {isa = PBXFileReference; lastKnownFileType = sourcecode.swift; path = util.swift; sourceTree = "<group>"; };
		43BCEB4D242116810033A56B /* viewModifiers.swift */ = {isa = PBXFileReference; lastKnownFileType = sourcecode.swift; path = viewModifiers.swift; sourceTree = "<group>"; };
		43BCEB50242126900033A56B /* Words.swift */ = {isa = PBXFileReference; lastKnownFileType = sourcecode.swift; path = Words.swift; sourceTree = "<group>"; };
		43D6107D2413D8640089DE4D /* Fingerspelling.app */ = {isa = PBXFileReference; explicitFileType = wrapper.application; includeInIndex = 0; path = Fingerspelling.app; sourceTree = BUILT_PRODUCTS_DIR; };
		43D610802413D8640089DE4D /* AppDelegate.swift */ = {isa = PBXFileReference; lastKnownFileType = sourcecode.swift; path = AppDelegate.swift; sourceTree = "<group>"; };
		43D610822413D8640089DE4D /* SceneDelegate.swift */ = {isa = PBXFileReference; lastKnownFileType = sourcecode.swift; path = SceneDelegate.swift; sourceTree = "<group>"; };
		43D610842413D8640089DE4D /* AppView.swift */ = {isa = PBXFileReference; lastKnownFileType = sourcecode.swift; path = AppView.swift; sourceTree = "<group>"; };
		43D610862413D8680089DE4D /* Assets.xcassets */ = {isa = PBXFileReference; lastKnownFileType = folder.assetcatalog; path = Assets.xcassets; sourceTree = "<group>"; };
		43D610892413D8680089DE4D /* Preview Assets.xcassets */ = {isa = PBXFileReference; lastKnownFileType = folder.assetcatalog; path = "Preview Assets.xcassets"; sourceTree = "<group>"; };
		43D6108E2413D8680089DE4D /* Info.plist */ = {isa = PBXFileReference; lastKnownFileType = text.plist.xml; path = Info.plist; sourceTree = "<group>"; };
/* End PBXFileReference section */

/* Begin PBXFrameworksBuildPhase section */
		4321ECBD2421812B00DBA702 /* Frameworks */ = {
			isa = PBXFrameworksBuildPhase;
			buildActionMask = 2147483647;
			files = (
			);
			runOnlyForDeploymentPostprocessing = 0;
		};
		43D6107A2413D8630089DE4D /* Frameworks */ = {
			isa = PBXFrameworksBuildPhase;
			buildActionMask = 2147483647;
			files = (
			);
			runOnlyForDeploymentPostprocessing = 0;
		};
/* End PBXFrameworksBuildPhase section */

/* Begin PBXGroup section */
		4321ECC12421812B00DBA702 /* FingerspellingUITests */ = {
			isa = PBXGroup;
			children = (
				4321ECCC2421A56200DBA702 /* SnapshotHelper.swift */,
				4321ECC22421812B00DBA702 /* FingerspellingUITests.swift */,
				4321ECC42421812B00DBA702 /* Info.plist */,
			);
			path = FingerspellingUITests;
			sourceTree = "<group>";
		};
		43BCEB4F24211E9D0033A56B /* Data */ = {
			isa = PBXGroup;
			children = (
				43BCEB50242126900033A56B /* Words.swift */,
			);
			path = Data;
			sourceTree = "<group>";
		};
		43D610742413D8630089DE4D = {
			isa = PBXGroup;
			children = (
				43D6107F2413D8640089DE4D /* Fingerspelling */,
				4321ECC12421812B00DBA702 /* FingerspellingUITests */,
				43D6107E2413D8640089DE4D /* Products */,
			);
			sourceTree = "<group>";
		};
		43D6107E2413D8640089DE4D /* Products */ = {
			isa = PBXGroup;
			children = (
				43D6107D2413D8640089DE4D /* Fingerspelling.app */,
				4321ECC02421812B00DBA702 /* FingerspellingUITests.xctest */,
			);
			name = Products;
			sourceTree = "<group>";
		};
		43D6107F2413D8640089DE4D /* Fingerspelling */ = {
			isa = PBXGroup;
			children = (
				43BCEB4F24211E9D0033A56B /* Data */,
				43D610802413D8640089DE4D /* AppDelegate.swift */,
				43D610822413D8640089DE4D /* SceneDelegate.swift */,
				43D610842413D8640089DE4D /* AppView.swift */,
				43D610862413D8680089DE4D /* Assets.xcassets */,
				43D6108E2413D8680089DE4D /* Info.plist */,
				43D610882413D8680089DE4D /* Preview Content */,
				43BCEB392421053A0033A56B /* ReceptiveGameView.swift */,
				43BCEB3B24210AB40033A56B /* ExpressiveGameView.swift */,
				43BCEB3D24210E4C0033A56B /* SettingsView.swift */,
				43BCEB3F24210EEC0033A56B /* NavbarView.swift */,
				43BCEB412421108B0033A56B /* CurrentWordDisplayView.swift */,
				43BCEB43242111AE0033A56B /* ScoreIndicatorView.swift */,
				43BCEB452421127D0033A56B /* SideMenuView.swift */,
				43BCEB47242114040033A56B /* GameModeIconView.swift */,
				43BCEB492421151E0033A56B /* appState.swift */,
				43BCEB4B242115CA0033A56B /* util.swift */,
				43BCEB4D242116810033A56B /* viewModifiers.swift */,
				43422CA22421DED30026D68D /* AboutView.swift */,
				4365109424246A0700EB8937 /* ReceptiveStatsView.swift */,
				4365109624246A4D00EB8937 /* ExpressiveStatsView.swift */,
				438EEEBD2427D58600F74F9A /* StatItemView.swift */,
				4315BFF02427F9CC002E2C38 /* FeedbackView.swift */,
			);
			path = Fingerspelling;
			sourceTree = "<group>";
		};
		43D610882413D8680089DE4D /* Preview Content */ = {
			isa = PBXGroup;
			children = (
				43D610892413D8680089DE4D /* Preview Assets.xcassets */,
			);
			path = "Preview Content";
			sourceTree = "<group>";
		};
/* End PBXGroup section */

/* Begin PBXNativeTarget section */
		4321ECBF2421812B00DBA702 /* FingerspellingUITests */ = {
			isa = PBXNativeTarget;
			buildConfigurationList = 4321ECC92421812B00DBA702 /* Build configuration list for PBXNativeTarget "FingerspellingUITests" */;
			buildPhases = (
				4321ECBC2421812B00DBA702 /* Sources */,
				4321ECBD2421812B00DBA702 /* Frameworks */,
				4321ECBE2421812B00DBA702 /* Resources */,
			);
			buildRules = (
			);
			dependencies = (
				4321ECC62421812B00DBA702 /* PBXTargetDependency */,
			);
			name = FingerspellingUITests;
			productName = FingerspellingUITests;
			productReference = 4321ECC02421812B00DBA702 /* FingerspellingUITests.xctest */;
			productType = "com.apple.product-type.bundle.ui-testing";
		};
		43D6107C2413D8630089DE4D /* Fingerspelling */ = {
			isa = PBXNativeTarget;
			buildConfigurationList = 43D6109C2413D8690089DE4D /* Build configuration list for PBXNativeTarget "Fingerspelling" */;
			buildPhases = (
				43D610792413D8630089DE4D /* Sources */,
				43D6107A2413D8630089DE4D /* Frameworks */,
				43D6107B2413D8630089DE4D /* Resources */,
			);
			buildRules = (
			);
			dependencies = (
			);
			name = Fingerspelling;
			productName = Fingerspelling;
			productReference = 43D6107D2413D8640089DE4D /* Fingerspelling.app */;
			productType = "com.apple.product-type.application";
		};
/* End PBXNativeTarget section */

/* Begin PBXProject section */
		43D610752413D8630089DE4D /* Project object */ = {
			isa = PBXProject;
			attributes = {
				LastSwiftUpdateCheck = 1130;
				LastUpgradeCheck = 1130;
				TargetAttributes = {
					4321ECBF2421812B00DBA702 = {
						CreatedOnToolsVersion = 11.3.1;
						TestTargetID = 43D6107C2413D8630089DE4D;
					};
					43D6107C2413D8630089DE4D = {
						CreatedOnToolsVersion = 11.3.1;
					};
				};
			};
			buildConfigurationList = 43D610782413D8630089DE4D /* Build configuration list for PBXProject "Fingerspelling" */;
			compatibilityVersion = "Xcode 9.3";
			developmentRegion = en;
			hasScannedForEncodings = 0;
			knownRegions = (
				en,
				Base,
			);
			mainGroup = 43D610742413D8630089DE4D;
			productRefGroup = 43D6107E2413D8640089DE4D /* Products */;
			projectDirPath = "";
			projectRoot = "";
			targets = (
				43D6107C2413D8630089DE4D /* Fingerspelling */,
				4321ECBF2421812B00DBA702 /* FingerspellingUITests */,
			);
		};
/* End PBXProject section */

/* Begin PBXResourcesBuildPhase section */
		4321ECBE2421812B00DBA702 /* Resources */ = {
			isa = PBXResourcesBuildPhase;
			buildActionMask = 2147483647;
			files = (
			);
			runOnlyForDeploymentPostprocessing = 0;
		};
		43D6107B2413D8630089DE4D /* Resources */ = {
			isa = PBXResourcesBuildPhase;
			buildActionMask = 2147483647;
			files = (
				43D6108A2413D8680089DE4D /* Preview Assets.xcassets in Resources */,
				43D610872413D8680089DE4D /* Assets.xcassets in Resources */,
			);
			runOnlyForDeploymentPostprocessing = 0;
		};
/* End PBXResourcesBuildPhase section */

/* Begin PBXSourcesBuildPhase section */
		4321ECBC2421812B00DBA702 /* Sources */ = {
			isa = PBXSourcesBuildPhase;
			buildActionMask = 2147483647;
			files = (
				4321ECC32421812B00DBA702 /* FingerspellingUITests.swift in Sources */,
				4321ECCD2421A56200DBA702 /* SnapshotHelper.swift in Sources */,
			);
			runOnlyForDeploymentPostprocessing = 0;
		};
		43D610792413D8630089DE4D /* Sources */ = {
			isa = PBXSourcesBuildPhase;
			buildActionMask = 2147483647;
			files = (
				43D610812413D8640089DE4D /* AppDelegate.swift in Sources */,
				4315BFF12427F9CC002E2C38 /* FeedbackView.swift in Sources */,
				43D610832413D8640089DE4D /* SceneDelegate.swift in Sources */,
				4365109524246A0700EB8937 /* ReceptiveStatsView.swift in Sources */,
				43422CA32421DED30026D68D /* AboutView.swift in Sources */,
				43BCEB4C242115CA0033A56B /* util.swift in Sources */,
				43BCEB3E24210E4C0033A56B /* SettingsView.swift in Sources */,
				43BCEB48242114040033A56B /* GameModeIconView.swift in Sources */,
				43BCEB4024210EEC0033A56B /* NavbarView.swift in Sources */,
				43D610852413D8640089DE4D /* AppView.swift in Sources */,
				43BCEB462421127D0033A56B /* SideMenuView.swift in Sources */,
				43BCEB44242111AE0033A56B /* ScoreIndicatorView.swift in Sources */,
				438EEEBE2427D58600F74F9A /* StatItemView.swift in Sources */,
				43BCEB51242126900033A56B /* Words.swift in Sources */,
				43BCEB4A2421151E0033A56B /* appState.swift in Sources */,
				43BCEB4E242116810033A56B /* viewModifiers.swift in Sources */,
				43BCEB3C24210AB40033A56B /* ExpressiveGameView.swift in Sources */,
				4365109724246A4D00EB8937 /* ExpressiveStatsView.swift in Sources */,
				43BCEB3A2421053A0033A56B /* ReceptiveGameView.swift in Sources */,
				43BCEB422421108B0033A56B /* CurrentWordDisplayView.swift in Sources */,
			);
			runOnlyForDeploymentPostprocessing = 0;
		};
/* End PBXSourcesBuildPhase section */

/* Begin PBXTargetDependency section */
		4321ECC62421812B00DBA702 /* PBXTargetDependency */ = {
			isa = PBXTargetDependency;
			target = 43D6107C2413D8630089DE4D /* Fingerspelling */;
			targetProxy = 4321ECC52421812B00DBA702 /* PBXContainerItemProxy */;
		};
/* End PBXTargetDependency section */

/* Begin XCBuildConfiguration section */
		4321ECC72421812B00DBA702 /* Debug */ = {
			isa = XCBuildConfiguration;
			buildSettings = {
				CODE_SIGN_STYLE = Automatic;
				DEVELOPMENT_TEAM = X3SA8TV77Y;
				INFOPLIST_FILE = FingerspellingUITests/Info.plist;
				LD_RUNPATH_SEARCH_PATHS = (
					"$(inherited)",
					"@executable_path/Frameworks",
					"@loader_path/Frameworks",
				);
				PRODUCT_BUNDLE_IDENTIFIER = com.openasl.FingerspellingUITests;
				PRODUCT_NAME = "$(TARGET_NAME)";
				SWIFT_VERSION = 5.0;
				TARGETED_DEVICE_FAMILY = "1,2";
				TEST_TARGET_NAME = Fingerspelling;
			};
			name = Debug;
		};
		4321ECC82421812B00DBA702 /* Release */ = {
			isa = XCBuildConfiguration;
			buildSettings = {
				CODE_SIGN_STYLE = Automatic;
				DEVELOPMENT_TEAM = X3SA8TV77Y;
				INFOPLIST_FILE = FingerspellingUITests/Info.plist;
				LD_RUNPATH_SEARCH_PATHS = (
					"$(inherited)",
					"@executable_path/Frameworks",
					"@loader_path/Frameworks",
				);
				PRODUCT_BUNDLE_IDENTIFIER = com.openasl.FingerspellingUITests;
				PRODUCT_NAME = "$(TARGET_NAME)";
				SWIFT_VERSION = 5.0;
				TARGETED_DEVICE_FAMILY = "1,2";
				TEST_TARGET_NAME = Fingerspelling;
			};
			name = Release;
		};
		43D6109A2413D8690089DE4D /* Debug */ = {
			isa = XCBuildConfiguration;
			buildSettings = {
				ALWAYS_SEARCH_USER_PATHS = NO;
				CLANG_ANALYZER_NONNULL = YES;
				CLANG_ANALYZER_NUMBER_OBJECT_CONVERSION = YES_AGGRESSIVE;
				CLANG_CXX_LANGUAGE_STANDARD = "gnu++14";
				CLANG_CXX_LIBRARY = "libc++";
				CLANG_ENABLE_MODULES = YES;
				CLANG_ENABLE_OBJC_ARC = YES;
				CLANG_ENABLE_OBJC_WEAK = YES;
				CLANG_WARN_BLOCK_CAPTURE_AUTORELEASING = YES;
				CLANG_WARN_BOOL_CONVERSION = YES;
				CLANG_WARN_COMMA = YES;
				CLANG_WARN_CONSTANT_CONVERSION = YES;
				CLANG_WARN_DEPRECATED_OBJC_IMPLEMENTATIONS = YES;
				CLANG_WARN_DIRECT_OBJC_ISA_USAGE = YES_ERROR;
				CLANG_WARN_DOCUMENTATION_COMMENTS = YES;
				CLANG_WARN_EMPTY_BODY = YES;
				CLANG_WARN_ENUM_CONVERSION = YES;
				CLANG_WARN_INFINITE_RECURSION = YES;
				CLANG_WARN_INT_CONVERSION = YES;
				CLANG_WARN_NON_LITERAL_NULL_CONVERSION = YES;
				CLANG_WARN_OBJC_IMPLICIT_RETAIN_SELF = YES;
				CLANG_WARN_OBJC_LITERAL_CONVERSION = YES;
				CLANG_WARN_OBJC_ROOT_CLASS = YES_ERROR;
				CLANG_WARN_RANGE_LOOP_ANALYSIS = YES;
				CLANG_WARN_STRICT_PROTOTYPES = YES;
				CLANG_WARN_SUSPICIOUS_MOVE = YES;
				CLANG_WARN_UNGUARDED_AVAILABILITY = YES_AGGRESSIVE;
				CLANG_WARN_UNREACHABLE_CODE = YES;
				CLANG_WARN__DUPLICATE_METHOD_MATCH = YES;
				COPY_PHASE_STRIP = NO;
				DEBUG_INFORMATION_FORMAT = dwarf;
				ENABLE_STRICT_OBJC_MSGSEND = YES;
				ENABLE_TESTABILITY = YES;
				GCC_C_LANGUAGE_STANDARD = gnu11;
				GCC_DYNAMIC_NO_PIC = NO;
				GCC_NO_COMMON_BLOCKS = YES;
				GCC_OPTIMIZATION_LEVEL = 0;
				GCC_PREPROCESSOR_DEFINITIONS = (
					"DEBUG=1",
					"$(inherited)",
				);
				GCC_WARN_64_TO_32_BIT_CONVERSION = YES;
				GCC_WARN_ABOUT_RETURN_TYPE = YES_ERROR;
				GCC_WARN_UNDECLARED_SELECTOR = YES;
				GCC_WARN_UNINITIALIZED_AUTOS = YES_AGGRESSIVE;
				GCC_WARN_UNUSED_FUNCTION = YES;
				GCC_WARN_UNUSED_VARIABLE = YES;
				IPHONEOS_DEPLOYMENT_TARGET = 13.2;
				MTL_ENABLE_DEBUG_INFO = INCLUDE_SOURCE;
				MTL_FAST_MATH = YES;
				ONLY_ACTIVE_ARCH = YES;
				SDKROOT = iphoneos;
				SWIFT_ACTIVE_COMPILATION_CONDITIONS = DEBUG;
				SWIFT_OPTIMIZATION_LEVEL = "-Onone";
				TARGETED_DEVICE_FAMILY = 1;
			};
			name = Debug;
		};
		43D6109B2413D8690089DE4D /* Release */ = {
			isa = XCBuildConfiguration;
			buildSettings = {
				ALWAYS_SEARCH_USER_PATHS = NO;
				CLANG_ANALYZER_NONNULL = YES;
				CLANG_ANALYZER_NUMBER_OBJECT_CONVERSION = YES_AGGRESSIVE;
				CLANG_CXX_LANGUAGE_STANDARD = "gnu++14";
				CLANG_CXX_LIBRARY = "libc++";
				CLANG_ENABLE_MODULES = YES;
				CLANG_ENABLE_OBJC_ARC = YES;
				CLANG_ENABLE_OBJC_WEAK = YES;
				CLANG_WARN_BLOCK_CAPTURE_AUTORELEASING = YES;
				CLANG_WARN_BOOL_CONVERSION = YES;
				CLANG_WARN_COMMA = YES;
				CLANG_WARN_CONSTANT_CONVERSION = YES;
				CLANG_WARN_DEPRECATED_OBJC_IMPLEMENTATIONS = YES;
				CLANG_WARN_DIRECT_OBJC_ISA_USAGE = YES_ERROR;
				CLANG_WARN_DOCUMENTATION_COMMENTS = YES;
				CLANG_WARN_EMPTY_BODY = YES;
				CLANG_WARN_ENUM_CONVERSION = YES;
				CLANG_WARN_INFINITE_RECURSION = YES;
				CLANG_WARN_INT_CONVERSION = YES;
				CLANG_WARN_NON_LITERAL_NULL_CONVERSION = YES;
				CLANG_WARN_OBJC_IMPLICIT_RETAIN_SELF = YES;
				CLANG_WARN_OBJC_LITERAL_CONVERSION = YES;
				CLANG_WARN_OBJC_ROOT_CLASS = YES_ERROR;
				CLANG_WARN_RANGE_LOOP_ANALYSIS = YES;
				CLANG_WARN_STRICT_PROTOTYPES = YES;
				CLANG_WARN_SUSPICIOUS_MOVE = YES;
				CLANG_WARN_UNGUARDED_AVAILABILITY = YES_AGGRESSIVE;
				CLANG_WARN_UNREACHABLE_CODE = YES;
				CLANG_WARN__DUPLICATE_METHOD_MATCH = YES;
				COPY_PHASE_STRIP = NO;
				DEBUG_INFORMATION_FORMAT = "dwarf-with-dsym";
				ENABLE_NS_ASSERTIONS = NO;
				ENABLE_STRICT_OBJC_MSGSEND = YES;
				GCC_C_LANGUAGE_STANDARD = gnu11;
				GCC_NO_COMMON_BLOCKS = YES;
				GCC_WARN_64_TO_32_BIT_CONVERSION = YES;
				GCC_WARN_ABOUT_RETURN_TYPE = YES_ERROR;
				GCC_WARN_UNDECLARED_SELECTOR = YES;
				GCC_WARN_UNINITIALIZED_AUTOS = YES_AGGRESSIVE;
				GCC_WARN_UNUSED_FUNCTION = YES;
				GCC_WARN_UNUSED_VARIABLE = YES;
				IPHONEOS_DEPLOYMENT_TARGET = 13.2;
				MTL_ENABLE_DEBUG_INFO = NO;
				MTL_FAST_MATH = YES;
				SDKROOT = iphoneos;
				SWIFT_COMPILATION_MODE = wholemodule;
				SWIFT_OPTIMIZATION_LEVEL = "-O";
				TARGETED_DEVICE_FAMILY = 1;
				VALIDATE_PRODUCT = YES;
			};
			name = Release;
		};
		43D6109D2413D8690089DE4D /* Debug */ = {
			isa = XCBuildConfiguration;
			buildSettings = {
				ASSETCATALOG_COMPILER_APPICON_NAME = AppIcon;
				CODE_SIGN_STYLE = Automatic;
				CURRENT_PROJECT_VERSION = 9;
				DEVELOPMENT_ASSET_PATHS = "\"Fingerspelling/Preview Content\"";
				DEVELOPMENT_TEAM = X3SA8TV77Y;
				ENABLE_PREVIEWS = YES;
				INFOPLIST_FILE = Fingerspelling/Info.plist;
				LD_RUNPATH_SEARCH_PATHS = (
					"$(inherited)",
					"@executable_path/Frameworks",
				);
				PRODUCT_BUNDLE_IDENTIFIER = com.openasl.Fingerspelling;
				PRODUCT_NAME = "$(TARGET_NAME)";
				SWIFT_VERSION = 5.0;
				TARGETED_DEVICE_FAMILY = 1;
				VERSIONING_SYSTEM = "apple-generic";
			};
			name = Debug;
		};
		43D6109E2413D8690089DE4D /* Release */ = {
			isa = XCBuildConfiguration;
			buildSettings = {
				ASSETCATALOG_COMPILER_APPICON_NAME = AppIcon;
				CODE_SIGN_STYLE = Automatic;
				CURRENT_PROJECT_VERSION = 9;
				DEVELOPMENT_ASSET_PATHS = "\"Fingerspelling/Preview Content\"";
				DEVELOPMENT_TEAM = X3SA8TV77Y;
				ENABLE_PREVIEWS = YES;
				INFOPLIST_FILE = Fingerspelling/Info.plist;
				LD_RUNPATH_SEARCH_PATHS = (
					"$(inherited)",
					"@executable_path/Frameworks",
				);
				PRODUCT_BUNDLE_IDENTIFIER = com.openasl.Fingerspelling;
				PRODUCT_NAME = "$(TARGET_NAME)";
				SWIFT_VERSION = 5.0;
				TARGETED_DEVICE_FAMILY = 1;
				VERSIONING_SYSTEM = "apple-generic";
			};
			name = Release;
		};
/* End XCBuildConfiguration section */

/* Begin XCConfigurationList section */
		4321ECC92421812B00DBA702 /* Build configuration list for PBXNativeTarget "FingerspellingUITests" */ = {
			isa = XCConfigurationList;
			buildConfigurations = (
				4321ECC72421812B00DBA702 /* Debug */,
				4321ECC82421812B00DBA702 /* Release */,
			);
			defaultConfigurationIsVisible = 0;
			defaultConfigurationName = Release;
		};
		43D610782413D8630089DE4D /* Build configuration list for PBXProject "Fingerspelling" */ = {
			isa = XCConfigurationList;
			buildConfigurations = (
				43D6109A2413D8690089DE4D /* Debug */,
				43D6109B2413D8690089DE4D /* Release */,
			);
			defaultConfigurationIsVisible = 0;
			defaultConfigurationName = Release;
		};
		43D6109C2413D8690089DE4D /* Build configuration list for PBXNativeTarget "Fingerspelling" */ = {
			isa = XCConfigurationList;
			buildConfigurations = (
				43D6109D2413D8690089DE4D /* Debug */,
				43D6109E2413D8690089DE4D /* Release */,
			);
			defaultConfigurationIsVisible = 0;
			defaultConfigurationName = Release;
		};
/* End XCConfigurationList section */
	};
	rootObject = 43D610752413D8630089DE4D /* Project object */;
}
