// !$*UTF8*$!
{
	archiveVersion = 1;
	classes = {
	};
	objectVersion = 50;
	objects = {

/* Begin PBXBuildFile section */
		43D610812413D8640089DE4D /* AppDelegate.swift in Sources */ = {isa = PBXBuildFile; fileRef = 43D610802413D8640089DE4D /* AppDelegate.swift */; };
		43D610832413D8640089DE4D /* SceneDelegate.swift in Sources */ = {isa = PBXBuildFile; fileRef = 43D610822413D8640089DE4D /* SceneDelegate.swift */; };
		43D610852413D8640089DE4D /* ContentView.swift in Sources */ = {isa = PBXBuildFile; fileRef = 43D610842413D8640089DE4D /* ContentView.swift */; };
		43D610872413D8680089DE4D /* Assets.xcassets in Resources */ = {isa = PBXBuildFile; fileRef = 43D610862413D8680089DE4D /* Assets.xcassets */; };
		43D6108A2413D8680089DE4D /* Preview Assets.xcassets in Resources */ = {isa = PBXBuildFile; fileRef = 43D610892413D8680089DE4D /* Preview Assets.xcassets */; };
		43D6108D2413D8680089DE4D /* LaunchScreen.storyboard in Resources */ = {isa = PBXBuildFile; fileRef = 43D6108B2413D8680089DE4D /* LaunchScreen.storyboard */; };
		43D610982413D8690089DE4D /* FingerspellingTests.swift in Sources */ = {isa = PBXBuildFile; fileRef = 43D610972413D8690089DE4D /* FingerspellingTests.swift */; };
/* End PBXBuildFile section */

/* Begin PBXContainerItemProxy section */
		43D610942413D8690089DE4D /* PBXContainerItemProxy */ = {
			isa = PBXContainerItemProxy;
			containerPortal = 43D610752413D8630089DE4D /* Project object */;
			proxyType = 1;
			remoteGlobalIDString = 43D6107C2413D8630089DE4D;
			remoteInfo = Fingerspelling;
		};
/* End PBXContainerItemProxy section */

/* Begin PBXFileReference section */
		43D6107D2413D8640089DE4D /* Fingerspelling.app */ = {isa = PBXFileReference; explicitFileType = wrapper.application; includeInIndex = 0; path = Fingerspelling.app; sourceTree = BUILT_PRODUCTS_DIR; };
		43D610802413D8640089DE4D /* AppDelegate.swift */ = {isa = PBXFileReference; lastKnownFileType = sourcecode.swift; path = AppDelegate.swift; sourceTree = "<group>"; };
		43D610822413D8640089DE4D /* SceneDelegate.swift */ = {isa = PBXFileReference; lastKnownFileType = sourcecode.swift; path = SceneDelegate.swift; sourceTree = "<group>"; };
		43D610842413D8640089DE4D /* ContentView.swift */ = {isa = PBXFileReference; lastKnownFileType = sourcecode.swift; path = ContentView.swift; sourceTree = "<group>"; };
		43D610862413D8680089DE4D /* Assets.xcassets */ = {isa = PBXFileReference; lastKnownFileType = folder.assetcatalog; path = Assets.xcassets; sourceTree = "<group>"; };
		43D610892413D8680089DE4D /* Preview Assets.xcassets */ = {isa = PBXFileReference; lastKnownFileType = folder.assetcatalog; path = "Preview Assets.xcassets"; sourceTree = "<group>"; };
		43D6108C2413D8680089DE4D /* Base */ = {isa = PBXFileReference; lastKnownFileType = file.storyboard; name = Base; path = Base.lproj/LaunchScreen.storyboard; sourceTree = "<group>"; };
		43D6108E2413D8680089DE4D /* Info.plist */ = {isa = PBXFileReference; lastKnownFileType = text.plist.xml; path = Info.plist; sourceTree = "<group>"; };
		43D610932413D8690089DE4D /* FingerspellingTests.xctest */ = {isa = PBXFileReference; explicitFileType = wrapper.cfbundle; includeInIndex = 0; path = FingerspellingTests.xctest; sourceTree = BUILT_PRODUCTS_DIR; };
		43D610972413D8690089DE4D /* FingerspellingTests.swift */ = {isa = PBXFileReference; lastKnownFileType = sourcecode.swift; path = FingerspellingTests.swift; sourceTree = "<group>"; };
		43D610992413D8690089DE4D /* Info.plist */ = {isa = PBXFileReference; lastKnownFileType = text.plist.xml; path = Info.plist; sourceTree = "<group>"; };
/* End PBXFileReference section */

/* Begin PBXFrameworksBuildPhase section */
		43D6107A2413D8630089DE4D /* Frameworks */ = {
			isa = PBXFrameworksBuildPhase;
			buildActionMask = 2147483647;
			files = (
			);
			runOnlyForDeploymentPostprocessing = 0;
		};
		43D610902413D8690089DE4D /* Frameworks */ = {
			isa = PBXFrameworksBuildPhase;
			buildActionMask = 2147483647;
			files = (
			);
			runOnlyForDeploymentPostprocessing = 0;
		};
/* End PBXFrameworksBuildPhase section */

/* Begin PBXGroup section */
		43D610742413D8630089DE4D = {
			isa = PBXGroup;
			children = (
				43D6107F2413D8640089DE4D /* Fingerspelling */,
				43D610962413D8690089DE4D /* FingerspellingTests */,
				43D6107E2413D8640089DE4D /* Products */,
			);
			sourceTree = "<group>";
		};
		43D6107E2413D8640089DE4D /* Products */ = {
			isa = PBXGroup;
			children = (
				43D6107D2413D8640089DE4D /* Fingerspelling.app */,
				43D610932413D8690089DE4D /* FingerspellingTests.xctest */,
			);
			name = Products;
			sourceTree = "<group>";
		};
		43D6107F2413D8640089DE4D /* Fingerspelling */ = {
			isa = PBXGroup;
			children = (
				43D610802413D8640089DE4D /* AppDelegate.swift */,
				43D610822413D8640089DE4D /* SceneDelegate.swift */,
				43D610842413D8640089DE4D /* ContentView.swift */,
				43D610862413D8680089DE4D /* Assets.xcassets */,
				43D6108B2413D8680089DE4D /* LaunchScreen.storyboard */,
				43D6108E2413D8680089DE4D /* Info.plist */,
				43D610882413D8680089DE4D /* Preview Content */,
			);
			path = Fingerspelling;
			sourceTree = "<group>";
		};
		43D610882413D8680089DE4D /* Preview Content */ = {
			isa = PBXGroup;
			children = (
				43D610892413D8680089DE4D /* Preview Assets.xcassets */,
			);
			path = "Preview Content";
			sourceTree = "<group>";
		};
		43D610962413D8690089DE4D /* FingerspellingTests */ = {
			isa = PBXGroup;
			children = (
				43D610972413D8690089DE4D /* FingerspellingTests.swift */,
				43D610992413D8690089DE4D /* Info.plist */,
			);
			path = FingerspellingTests;
			sourceTree = "<group>";
		};
/* End PBXGroup section */

/* Begin PBXNativeTarget section */
		43D6107C2413D8630089DE4D /* Fingerspelling */ = {
			isa = PBXNativeTarget;
			buildConfigurationList = 43D6109C2413D8690089DE4D /* Build configuration list for PBXNativeTarget "Fingerspelling" */;
			buildPhases = (
				43D610792413D8630089DE4D /* Sources */,
				43D6107A2413D8630089DE4D /* Frameworks */,
				43D6107B2413D8630089DE4D /* Resources */,
			);
			buildRules = (
			);
			dependencies = (
			);
			name = Fingerspelling;
			productName = Fingerspelling;
			productReference = 43D6107D2413D8640089DE4D /* Fingerspelling.app */;
			productType = "com.apple.product-type.application";
		};
		43D610922413D8690089DE4D /* FingerspellingTests */ = {
			isa = PBXNativeTarget;
			buildConfigurationList = 43D6109F2413D8690089DE4D /* Build configuration list for PBXNativeTarget "FingerspellingTests" */;
			buildPhases = (
				43D6108F2413D8690089DE4D /* Sources */,
				43D610902413D8690089DE4D /* Frameworks */,
				43D610912413D8690089DE4D /* Resources */,
			);
			buildRules = (
			);
			dependencies = (
				43D610952413D8690089DE4D /* PBXTargetDependency */,
			);
			name = FingerspellingTests;
			productName = FingerspellingTests;
			productReference = 43D610932413D8690089DE4D /* FingerspellingTests.xctest */;
			productType = "com.apple.product-type.bundle.unit-test";
		};
/* End PBXNativeTarget section */

/* Begin PBXProject section */
		43D610752413D8630089DE4D /* Project object */ = {
			isa = PBXProject;
			attributes = {
				LastSwiftUpdateCheck = 1130;
				LastUpgradeCheck = 1130;
				TargetAttributes = {
					43D6107C2413D8630089DE4D = {
						CreatedOnToolsVersion = 11.3.1;
					};
					43D610922413D8690089DE4D = {
						CreatedOnToolsVersion = 11.3.1;
						TestTargetID = 43D6107C2413D8630089DE4D;
					};
				};
			};
			buildConfigurationList = 43D610782413D8630089DE4D /* Build configuration list for PBXProject "Fingerspelling" */;
			compatibilityVersion = "Xcode 9.3";
			developmentRegion = en;
			hasScannedForEncodings = 0;
			knownRegions = (
				en,
				Base,
			);
			mainGroup = 43D610742413D8630089DE4D;
			productRefGroup = 43D6107E2413D8640089DE4D /* Products */;
			projectDirPath = "";
			projectRoot = "";
			targets = (
				43D6107C2413D8630089DE4D /* Fingerspelling */,
				43D610922413D8690089DE4D /* FingerspellingTests */,
			);
		};
/* End PBXProject section */

/* Begin PBXResourcesBuildPhase section */
		43D6107B2413D8630089DE4D /* Resources */ = {
			isa = PBXResourcesBuildPhase;
			buildActionMask = 2147483647;
			files = (
				43D6108D2413D8680089DE4D /* LaunchScreen.storyboard in Resources */,
				43D6108A2413D8680089DE4D /* Preview Assets.xcassets in Resources */,
				43D610872413D8680089DE4D /* Assets.xcassets in Resources */,
			);
			runOnlyForDeploymentPostprocessing = 0;
		};
		43D610912413D8690089DE4D /* Resources */ = {
			isa = PBXResourcesBuildPhase;
			buildActionMask = 2147483647;
			files = (
			);
			runOnlyForDeploymentPostprocessing = 0;
		};
/* End PBXResourcesBuildPhase section */

/* Begin PBXSourcesBuildPhase section */
		43D610792413D8630089DE4D /* Sources */ = {
			isa = PBXSourcesBuildPhase;
			buildActionMask = 2147483647;
			files = (
				43D610812413D8640089DE4D /* AppDelegate.swift in Sources */,
				43D610832413D8640089DE4D /* SceneDelegate.swift in Sources */,
				43D610852413D8640089DE4D /* ContentView.swift in Sources */,
			);
			runOnlyForDeploymentPostprocessing = 0;
		};
		43D6108F2413D8690089DE4D /* Sources */ = {
			isa = PBXSourcesBuildPhase;
			buildActionMask = 2147483647;
			files = (
				43D610982413D8690089DE4D /* FingerspellingTests.swift in Sources */,
			);
			runOnlyForDeploymentPostprocessing = 0;
		};
/* End PBXSourcesBuildPhase section */

/* Begin PBXTargetDependency section */
		43D610952413D8690089DE4D /* PBXTargetDependency */ = {
			isa = PBXTargetDependency;
			target = 43D6107C2413D8630089DE4D /* Fingerspelling */;
			targetProxy = 43D610942413D8690089DE4D /* PBXContainerItemProxy */;
		};
/* End PBXTargetDependency section */

/* Begin PBXVariantGroup section */
		43D6108B2413D8680089DE4D /* LaunchScreen.storyboard */ = {
			isa = PBXVariantGroup;
			children = (
				43D6108C2413D8680089DE4D /* Base */,
			);
			name = LaunchScreen.storyboard;
			sourceTree = "<group>";
		};
/* End PBXVariantGroup section */

/* Begin XCBuildConfiguration section */
		43D6109A2413D8690089DE4D /* Debug */ = {
			isa = XCBuildConfiguration;
			buildSettings = {
				ALWAYS_SEARCH_USER_PATHS = NO;
				CLANG_ANALYZER_NONNULL = YES;
				CLANG_ANALYZER_NUMBER_OBJECT_CONVERSION = YES_AGGRESSIVE;
				CLANG_CXX_LANGUAGE_STANDARD = "gnu++14";
				CLANG_CXX_LIBRARY = "libc++";
				CLANG_ENABLE_MODULES = YES;
				CLANG_ENABLE_OBJC_ARC = YES;
				CLANG_ENABLE_OBJC_WEAK = YES;
				CLANG_WARN_BLOCK_CAPTURE_AUTORELEASING = YES;
				CLANG_WARN_BOOL_CONVERSION = YES;
				CLANG_WARN_COMMA = YES;
				CLANG_WARN_CONSTANT_CONVERSION = YES;
				CLANG_WARN_DEPRECATED_OBJC_IMPLEMENTATIONS = YES;
				CLANG_WARN_DIRECT_OBJC_ISA_USAGE = YES_ERROR;
				CLANG_WARN_DOCUMENTATION_COMMENTS = YES;
				CLANG_WARN_EMPTY_BODY = YES;
				CLANG_WARN_ENUM_CONVERSION = YES;
				CLANG_WARN_INFINITE_RECURSION = YES;
				CLANG_WARN_INT_CONVERSION = YES;
				CLANG_WARN_NON_LITERAL_NULL_CONVERSION = YES;
				CLANG_WARN_OBJC_IMPLICIT_RETAIN_SELF = YES;
				CLANG_WARN_OBJC_LITERAL_CONVERSION = YES;
				CLANG_WARN_OBJC_ROOT_CLASS = YES_ERROR;
				CLANG_WARN_RANGE_LOOP_ANALYSIS = YES;
				CLANG_WARN_STRICT_PROTOTYPES = YES;
				CLANG_WARN_SUSPICIOUS_MOVE = YES;
				CLANG_WARN_UNGUARDED_AVAILABILITY = YES_AGGRESSIVE;
				CLANG_WARN_UNREACHABLE_CODE = YES;
				CLANG_WARN__DUPLICATE_METHOD_MATCH = YES;
				COPY_PHASE_STRIP = NO;
				DEBUG_INFORMATION_FORMAT = dwarf;
				ENABLE_STRICT_OBJC_MSGSEND = YES;
				ENABLE_TESTABILITY = YES;
				GCC_C_LANGUAGE_STANDARD = gnu11;
				GCC_DYNAMIC_NO_PIC = NO;
				GCC_NO_COMMON_BLOCKS = YES;
				GCC_OPTIMIZATION_LEVEL = 0;
				GCC_PREPROCESSOR_DEFINITIONS = (
					"DEBUG=1",
					"$(inherited)",
				);
				GCC_WARN_64_TO_32_BIT_CONVERSION = YES;
				GCC_WARN_ABOUT_RETURN_TYPE = YES_ERROR;
				GCC_WARN_UNDECLARED_SELECTOR = YES;
				GCC_WARN_UNINITIALIZED_AUTOS = YES_AGGRESSIVE;
				GCC_WARN_UNUSED_FUNCTION = YES;
				GCC_WARN_UNUSED_VARIABLE = YES;
				IPHONEOS_DEPLOYMENT_TARGET = 13.2;
				MTL_ENABLE_DEBUG_INFO = INCLUDE_SOURCE;
				MTL_FAST_MATH = YES;
				ONLY_ACTIVE_ARCH = YES;
				SDKROOT = iphoneos;
				SWIFT_ACTIVE_COMPILATION_CONDITIONS = DEBUG;
				SWIFT_OPTIMIZATION_LEVEL = "-Onone";
			};
			name = Debug;
		};
		43D6109B2413D8690089DE4D /* Release */ = {
			isa = XCBuildConfiguration;
			buildSettings = {
				ALWAYS_SEARCH_USER_PATHS = NO;
				CLANG_ANALYZER_NONNULL = YES;
				CLANG_ANALYZER_NUMBER_OBJECT_CONVERSION = YES_AGGRESSIVE;
				CLANG_CXX_LANGUAGE_STANDARD = "gnu++14";
				CLANG_CXX_LIBRARY = "libc++";
				CLANG_ENABLE_MODULES = YES;
				CLANG_ENABLE_OBJC_ARC = YES;
				CLANG_ENABLE_OBJC_WEAK = YES;
				CLANG_WARN_BLOCK_CAPTURE_AUTORELEASING = YES;
				CLANG_WARN_BOOL_CONVERSION = YES;
				CLANG_WARN_COMMA = YES;
				CLANG_WARN_CONSTANT_CONVERSION = YES;
				CLANG_WARN_DEPRECATED_OBJC_IMPLEMENTATIONS = YES;
				CLANG_WARN_DIRECT_OBJC_ISA_USAGE = YES_ERROR;
				CLANG_WARN_DOCUMENTATION_COMMENTS = YES;
				CLANG_WARN_EMPTY_BODY = YES;
				CLANG_WARN_ENUM_CONVERSION = YES;
				CLANG_WARN_INFINITE_RECURSION = YES;
				CLANG_WARN_INT_CONVERSION = YES;
				CLANG_WARN_NON_LITERAL_NULL_CONVERSION = YES;
				CLANG_WARN_OBJC_IMPLICIT_RETAIN_SELF = YES;
				CLANG_WARN_OBJC_LITERAL_CONVERSION = YES;
				CLANG_WARN_OBJC_ROOT_CLASS = YES_ERROR;
				CLANG_WARN_RANGE_LOOP_ANALYSIS = YES;
				CLANG_WARN_STRICT_PROTOTYPES = YES;
				CLANG_WARN_SUSPICIOUS_MOVE = YES;
				CLANG_WARN_UNGUARDED_AVAILABILITY = YES_AGGRESSIVE;
				CLANG_WARN_UNREACHABLE_CODE = YES;
				CLANG_WARN__DUPLICATE_METHOD_MATCH = YES;
				COPY_PHASE_STRIP = NO;
				DEBUG_INFORMATION_FORMAT = "dwarf-with-dsym";
				ENABLE_NS_ASSERTIONS = NO;
				ENABLE_STRICT_OBJC_MSGSEND = YES;
				GCC_C_LANGUAGE_STANDARD = gnu11;
				GCC_NO_COMMON_BLOCKS = YES;
				GCC_WARN_64_TO_32_BIT_CONVERSION = YES;
				GCC_WARN_ABOUT_RETURN_TYPE = YES_ERROR;
				GCC_WARN_UNDECLARED_SELECTOR = YES;
				GCC_WARN_UNINITIALIZED_AUTOS = YES_AGGRESSIVE;
				GCC_WARN_UNUSED_FUNCTION = YES;
				GCC_WARN_UNUSED_VARIABLE = YES;
				IPHONEOS_DEPLOYMENT_TARGET = 13.2;
				MTL_ENABLE_DEBUG_INFO = NO;
				MTL_FAST_MATH = YES;
				SDKROOT = iphoneos;
				SWIFT_COMPILATION_MODE = wholemodule;
				SWIFT_OPTIMIZATION_LEVEL = "-O";
				VALIDATE_PRODUCT = YES;
			};
			name = Release;
		};
		43D6109D2413D8690089DE4D /* Debug */ = {
			isa = XCBuildConfiguration;
			buildSettings = {
				ASSETCATALOG_COMPILER_APPICON_NAME = AppIcon;
				CODE_SIGN_STYLE = Automatic;
				DEVELOPMENT_ASSET_PATHS = "\"Fingerspelling/Preview Content\"";
				ENABLE_PREVIEWS = YES;
				INFOPLIST_FILE = Fingerspelling/Info.plist;
				LD_RUNPATH_SEARCH_PATHS = (
					"$(inherited)",
					"@executable_path/Frameworks",
				);
				PRODUCT_BUNDLE_IDENTIFIER = com.example.Fingerspelling;
				PRODUCT_NAME = "$(TARGET_NAME)";
				SWIFT_VERSION = 5.0;
				TARGETED_DEVICE_FAMILY = "1,2";
			};
			name = Debug;
		};
		43D6109E2413D8690089DE4D /* Release */ = {
			isa = XCBuildConfiguration;
			buildSettings = {
				ASSETCATALOG_COMPILER_APPICON_NAME = AppIcon;
				CODE_SIGN_STYLE = Automatic;
				DEVELOPMENT_ASSET_PATHS = "\"Fingerspelling/Preview Content\"";
				ENABLE_PREVIEWS = YES;
				INFOPLIST_FILE = Fingerspelling/Info.plist;
				LD_RUNPATH_SEARCH_PATHS = (
					"$(inherited)",
					"@executable_path/Frameworks",
				);
				PRODUCT_BUNDLE_IDENTIFIER = com.example.Fingerspelling;
				PRODUCT_NAME = "$(TARGET_NAME)";
				SWIFT_VERSION = 5.0;
				TARGETED_DEVICE_FAMILY = "1,2";
			};
			name = Release;
		};
		43D610A02413D8690089DE4D /* Debug */ = {
			isa = XCBuildConfiguration;
			buildSettings = {
				ALWAYS_EMBED_SWIFT_STANDARD_LIBRARIES = YES;
				BUNDLE_LOADER = "$(TEST_HOST)";
				CODE_SIGN_STYLE = Automatic;
				INFOPLIST_FILE = FingerspellingTests/Info.plist;
				IPHONEOS_DEPLOYMENT_TARGET = 13.2;
				LD_RUNPATH_SEARCH_PATHS = (
					"$(inherited)",
					"@executable_path/Frameworks",
					"@loader_path/Frameworks",
				);
				PRODUCT_BUNDLE_IDENTIFIER = com.example.FingerspellingTests;
				PRODUCT_NAME = "$(TARGET_NAME)";
				SWIFT_VERSION = 5.0;
				TARGETED_DEVICE_FAMILY = "1,2";
				TEST_HOST = "$(BUILT_PRODUCTS_DIR)/Fingerspelling.app/Fingerspelling";
			};
			name = Debug;
		};
		43D610A12413D8690089DE4D /* Release */ = {
			isa = XCBuildConfiguration;
			buildSettings = {
				ALWAYS_EMBED_SWIFT_STANDARD_LIBRARIES = YES;
				BUNDLE_LOADER = "$(TEST_HOST)";
				CODE_SIGN_STYLE = Automatic;
				INFOPLIST_FILE = FingerspellingTests/Info.plist;
				IPHONEOS_DEPLOYMENT_TARGET = 13.2;
				LD_RUNPATH_SEARCH_PATHS = (
					"$(inherited)",
					"@executable_path/Frameworks",
					"@loader_path/Frameworks",
				);
				PRODUCT_BUNDLE_IDENTIFIER = com.example.FingerspellingTests;
				PRODUCT_NAME = "$(TARGET_NAME)";
				SWIFT_VERSION = 5.0;
				TARGETED_DEVICE_FAMILY = "1,2";
				TEST_HOST = "$(BUILT_PRODUCTS_DIR)/Fingerspelling.app/Fingerspelling";
			};
			name = Release;
		};
/* End XCBuildConfiguration section */

/* Begin XCConfigurationList section */
		43D610782413D8630089DE4D /* Build configuration list for PBXProject "Fingerspelling" */ = {
			isa = XCConfigurationList;
			buildConfigurations = (
				43D6109A2413D8690089DE4D /* Debug */,
				43D6109B2413D8690089DE4D /* Release */,
			);
			defaultConfigurationIsVisible = 0;
			defaultConfigurationName = Release;
		};
		43D6109C2413D8690089DE4D /* Build configuration list for PBXNativeTarget "Fingerspelling" */ = {
			isa = XCConfigurationList;
			buildConfigurations = (
				43D6109D2413D8690089DE4D /* Debug */,
				43D6109E2413D8690089DE4D /* Release */,
			);
			defaultConfigurationIsVisible = 0;
			defaultConfigurationName = Release;
		};
		43D6109F2413D8690089DE4D /* Build configuration list for PBXNativeTarget "FingerspellingTests" */ = {
			isa = XCConfigurationList;
			buildConfigurations = (
				43D610A02413D8690089DE4D /* Debug */,
				43D610A12413D8690089DE4D /* Release */,
			);
			defaultConfigurationIsVisible = 0;
			defaultConfigurationName = Release;
		};
/* End XCConfigurationList section */
	};
	rootObject = 43D610752413D8630089DE4D /* Project object */;
}
